
Microsoft Visual Studio Solution File, Format Version 12.00
# Visual Studio Version 17
VisualStudioVersion = 17.7.34009.444
MinimumVisualStudioVersion = 10.0.40219.1
Project("{FAE04EC0-301F-11D3-BF4B-00C04F79EFBC}") = "FFG_Engine", "FFG_Engine\FFG_Engine.csproj", "{0C67C750-46AE-4AC0-AE53-44B62E577BA4}"
EndProject
Global
	GlobalSection(SolutionConfigurationPlatforms) = preSolution
		Debug|Any CPU = Debug|Any CPU
		Release|Any CPU = Release|Any CPU
	EndGlobalSection
	GlobalSection(ProjectConfigurationPlatforms) = postSolution
		{0C67C750-46AE-4AC0-AE53-44B62E577BA4}.Debug|Any CPU.ActiveCfg = Debug|Any CPU
		{0C67C750-46AE-4AC0-AE53-44B62E577BA4}.Debug|Any CPU.Build.0 = Debug|Any CPU
		{0C67C750-46AE-4AC0-AE53-44B62E577BA4}.Release|Any CPU.ActiveCfg = Release|Any CPU
		{0C67C750-46AE-4AC0-AE53-44B62E577BA4}.Release|Any CPU.Build.0 = Release|Any CPU
	EndGlobalSection
	GlobalSection(SolutionProperties) = preSolution
		HideSolutionNode = FALSE
	EndGlobalSection
	GlobalSection(ExtensibilityGlobals) = postSolution
		SolutionGuid = {59BBA206-192F-4F27-9190-92100D3C4C60}
	EndGlobalSection
EndGlobal
